
Microsoft Visual Studio Solution File, Format Version 12.00
# Visual Studio Version 16
VisualStudioVersion = 16.0.30320.27
MinimumVisualStudioVersion = 10.0.40219.1
Project("{FAE04EC0-301F-11D3-BF4B-00C04F79EFBC}") = "CppAndCs", "CppAndCs\CppAndCs.csproj", "{803FA7AE-3843-43A3-8CC8-E56428AEAD0B}"
EndProject
Project("{8BC9CEB8-8B4A-11D0-8D11-00A0C91BC942}") = "CppFunctions", "CppFunctions\CppFunctions.vcxproj", "{9E413D67-C198-4081-A270-67E9DF0CC85E}"
EndProject
Global
	GlobalSection(SolutionConfigurationPlatforms) = preSolution
		Debug|Any CPU = Debug|Any CPU
		Debug|x64 = Debug|x64
		Debug|x86 = Debug|x86
		Release|Any CPU = Release|Any CPU
		Release|x64 = Release|x64
		Release|x86 = Release|x86
	EndGlobalSection
	GlobalSection(ProjectConfigurationPlatforms) = postSolution
		{803FA7AE-3843-43A3-8CC8-E56428AEAD0B}.Debug|Any CPU.ActiveCfg = Debug|Any CPU
		{803FA7AE-3843-43A3-8CC8-E56428AEAD0B}.Debug|Any CPU.Build.0 = Debug|Any CPU
		{803FA7AE-3843-43A3-8CC8-E56428AEAD0B}.Debug|x64.ActiveCfg = Debug|Any CPU
		{803FA7AE-3843-43A3-8CC8-E56428AEAD0B}.Debug|x64.Build.0 = Debug|Any CPU
		{803FA7AE-3843-43A3-8CC8-E56428AEAD0B}.Debug|x86.ActiveCfg = Debug|Any CPU
		{803FA7AE-3843-43A3-8CC8-E56428AEAD0B}.Debug|x86.Build.0 = Debug|Any CPU
		{803FA7AE-3843-43A3-8CC8-E56428AEAD0B}.Release|Any CPU.ActiveCfg = Release|Any CPU
		{803FA7AE-3843-43A3-8CC8-E56428AEAD0B}.Release|Any CPU.Build.0 = Release|Any CPU
		{803FA7AE-3843-43A3-8CC8-E56428AEAD0B}.Release|x64.ActiveCfg = Release|Any CPU
		{803FA7AE-3843-43A3-8CC8-E56428AEAD0B}.Release|x64.Build.0 = Release|Any CPU
		{803FA7AE-3843-43A3-8CC8-E56428AEAD0B}.Release|x86.ActiveCfg = Release|Any CPU
		{803FA7AE-3843-43A3-8CC8-E56428AEAD0B}.Release|x86.Build.0 = Release|Any CPU
		{9E413D67-C198-4081-A270-67E9DF0CC85E}.Debug|Any CPU.ActiveCfg = Debug|Win32
		{9E413D67-C198-4081-A270-67E9DF0CC85E}.Debug|x64.ActiveCfg = Debug|x64
		{9E413D67-C198-4081-A270-67E9DF0CC85E}.Debug|x64.Build.0 = Debug|x64
		{9E413D67-C198-4081-A270-67E9DF0CC85E}.Debug|x86.ActiveCfg = Debug|Win32
		{9E413D67-C198-4081-A270-67E9DF0CC85E}.Debug|x86.Build.0 = Debug|Win32
		{9E413D67-C198-4081-A270-67E9DF0CC85E}.Release|Any CPU.ActiveCfg = Release|Win32
		{9E413D67-C198-4081-A270-67E9DF0CC85E}.Release|x64.ActiveCfg = Release|x64
		{9E413D67-C198-4081-A270-67E9DF0CC85E}.Release|x64.Build.0 = Release|x64
		{9E413D67-C198-4081-A270-67E9DF0CC85E}.Release|x86.ActiveCfg = Release|Win32
		{9E413D67-C198-4081-A270-67E9DF0CC85E}.Release|x86.Build.0 = Release|Win32
	EndGlobalSection
	GlobalSection(SolutionProperties) = preSolution
		HideSolutionNode = FALSE
	EndGlobalSection
	GlobalSection(ExtensibilityGlobals) = postSolution
		SolutionGuid = {73836D7F-220E-42E4-A667-FAD9C14456B6}
	EndGlobalSection
EndGlobal
